
Microsoft Visual Studio Solution File, Format Version 12.00
# Visual Studio 2012
Project("{FAE04EC0-301F-11D3-BF4B-00C04F79EFBC}") = "PopCornWindowsPhone", "PopCornWindowsPhone\PopCornWindowsPhone.csproj", "{D047BD07-C3D3-4B74-9E0E-736F5A356A47}"
EndProject
Project("{FAE04EC0-301F-11D3-BF4B-00C04F79EFBC}") = "PopCornOneCoreWindowsPhone", "PopCornOneCore\PopCornOneCoreWindowsPhone.csproj", "{F9A15CFE-11CC-4C03-B3D5-4196F1E2E73E}"
EndProject
Project("{FAE04EC0-301F-11D3-BF4B-00C04F79EFBC}") = "PopCornOneWebApp", "PopCornOneWebApp\PopCornOneWebApp.csproj", "{9E9D9BC0-EC96-49E6-ACE5-F9BFF885A4A9}"
EndProject
Project("{FAE04EC0-301F-11D3-BF4B-00C04F79EFBC}") = "LanguageWidget", "LanguageWidget\LanguageWidget.csproj", "{2ED8D6C3-4274-4B1F-A7C7-748882B26EB9}"
	ProjectSection(ProjectDependencies) = postProject
		{9E9D9BC0-EC96-49E6-ACE5-F9BFF885A4A9} = {9E9D9BC0-EC96-49E6-ACE5-F9BFF885A4A9}
	EndProjectSection
EndProject
Project("{FAE04EC0-301F-11D3-BF4B-00C04F79EFBC}") = "Utils", "Utils\Utils.csproj", "{BA46F19D-5568-467F-B288-D6432D4610B1}"
EndProject
Project("{FAE04EC0-301F-11D3-BF4B-00C04F79EFBC}") = "AutorWidget", "AutorWidget\AutorWidget.csproj", "{124F2253-092D-4447-8D3B-F580B2FD5873}"
	ProjectSection(ProjectDependencies) = postProject
		{9E9D9BC0-EC96-49E6-ACE5-F9BFF885A4A9} = {9E9D9BC0-EC96-49E6-ACE5-F9BFF885A4A9}
	EndProjectSection
EndProject
Project("{FAE04EC0-301F-11D3-BF4B-00C04F79EFBC}") = "OriginWidget", "OriginWidget\OriginWidget.csproj", "{4B12F316-BA11-42D0-B62F-19538909D64B}"
	ProjectSection(ProjectDependencies) = postProject
		{9E9D9BC0-EC96-49E6-ACE5-F9BFF885A4A9} = {9E9D9BC0-EC96-49E6-ACE5-F9BFF885A4A9}
	EndProjectSection
EndProject
Project("{FAE04EC0-301F-11D3-BF4B-00C04F79EFBC}") = "PhraseWidget", "PhraseWidget\PhraseWidget.csproj", "{0A20610E-0176-4EBC-B7BE-A6B3206B09F7}"
	ProjectSection(ProjectDependencies) = postProject
		{9E9D9BC0-EC96-49E6-ACE5-F9BFF885A4A9} = {9E9D9BC0-EC96-49E6-ACE5-F9BFF885A4A9}
	EndProjectSection
EndProject
Global
	GlobalSection(SolutionConfigurationPlatforms) = preSolution
		Debug|Any CPU = Debug|Any CPU
		Release|Any CPU = Release|Any CPU
	EndGlobalSection
	GlobalSection(ProjectConfigurationPlatforms) = postSolution
		{D047BD07-C3D3-4B74-9E0E-736F5A356A47}.Debug|Any CPU.ActiveCfg = Debug|Any CPU
		{D047BD07-C3D3-4B74-9E0E-736F5A356A47}.Debug|Any CPU.Build.0 = Debug|Any CPU
		{D047BD07-C3D3-4B74-9E0E-736F5A356A47}.Debug|Any CPU.Deploy.0 = Debug|Any CPU
		{D047BD07-C3D3-4B74-9E0E-736F5A356A47}.Release|Any CPU.ActiveCfg = Release|Any CPU
		{D047BD07-C3D3-4B74-9E0E-736F5A356A47}.Release|Any CPU.Build.0 = Release|Any CPU
		{D047BD07-C3D3-4B74-9E0E-736F5A356A47}.Release|Any CPU.Deploy.0 = Release|Any CPU
		{F9A15CFE-11CC-4C03-B3D5-4196F1E2E73E}.Debug|Any CPU.ActiveCfg = Debug|Any CPU
		{F9A15CFE-11CC-4C03-B3D5-4196F1E2E73E}.Debug|Any CPU.Build.0 = Debug|Any CPU
		{F9A15CFE-11CC-4C03-B3D5-4196F1E2E73E}.Release|Any CPU.ActiveCfg = Release|Any CPU
		{F9A15CFE-11CC-4C03-B3D5-4196F1E2E73E}.Release|Any CPU.Build.0 = Release|Any CPU
		{9E9D9BC0-EC96-49E6-ACE5-F9BFF885A4A9}.Debug|Any CPU.ActiveCfg = Debug|Any CPU
		{9E9D9BC0-EC96-49E6-ACE5-F9BFF885A4A9}.Debug|Any CPU.Build.0 = Debug|Any CPU
		{9E9D9BC0-EC96-49E6-ACE5-F9BFF885A4A9}.Release|Any CPU.ActiveCfg = Release|Any CPU
		{9E9D9BC0-EC96-49E6-ACE5-F9BFF885A4A9}.Release|Any CPU.Build.0 = Release|Any CPU
		{2ED8D6C3-4274-4B1F-A7C7-748882B26EB9}.Debug|Any CPU.ActiveCfg = Debug|Any CPU
		{2ED8D6C3-4274-4B1F-A7C7-748882B26EB9}.Debug|Any CPU.Build.0 = Debug|Any CPU
		{2ED8D6C3-4274-4B1F-A7C7-748882B26EB9}.Release|Any CPU.ActiveCfg = Release|Any CPU
		{2ED8D6C3-4274-4B1F-A7C7-748882B26EB9}.Release|Any CPU.Build.0 = Release|Any CPU
		{BA46F19D-5568-467F-B288-D6432D4610B1}.Debug|Any CPU.ActiveCfg = Debug|Any CPU
		{BA46F19D-5568-467F-B288-D6432D4610B1}.Debug|Any CPU.Build.0 = Debug|Any CPU
		{BA46F19D-5568-467F-B288-D6432D4610B1}.Release|Any CPU.ActiveCfg = Release|Any CPU
		{BA46F19D-5568-467F-B288-D6432D4610B1}.Release|Any CPU.Build.0 = Release|Any CPU
		{124F2253-092D-4447-8D3B-F580B2FD5873}.Debug|Any CPU.ActiveCfg = Debug|Any CPU
		{124F2253-092D-4447-8D3B-F580B2FD5873}.Debug|Any CPU.Build.0 = Debug|Any CPU
		{124F2253-092D-4447-8D3B-F580B2FD5873}.Release|Any CPU.ActiveCfg = Release|Any CPU
		{124F2253-092D-4447-8D3B-F580B2FD5873}.Release|Any CPU.Build.0 = Release|Any CPU
		{4B12F316-BA11-42D0-B62F-19538909D64B}.Debug|Any CPU.ActiveCfg = Debug|Any CPU
		{4B12F316-BA11-42D0-B62F-19538909D64B}.Debug|Any CPU.Build.0 = Debug|Any CPU
		{4B12F316-BA11-42D0-B62F-19538909D64B}.Release|Any CPU.ActiveCfg = Release|Any CPU
		{4B12F316-BA11-42D0-B62F-19538909D64B}.Release|Any CPU.Build.0 = Release|Any CPU
		{0A20610E-0176-4EBC-B7BE-A6B3206B09F7}.Debug|Any CPU.ActiveCfg = Debug|Any CPU
		{0A20610E-0176-4EBC-B7BE-A6B3206B09F7}.Debug|Any CPU.Build.0 = Debug|Any CPU
		{0A20610E-0176-4EBC-B7BE-A6B3206B09F7}.Release|Any CPU.ActiveCfg = Release|Any CPU
		{0A20610E-0176-4EBC-B7BE-A6B3206B09F7}.Release|Any CPU.Build.0 = Release|Any CPU
	EndGlobalSection
	GlobalSection(SolutionProperties) = preSolution
		HideSolutionNode = FALSE
	EndGlobalSection
EndGlobal
